// !$*UTF8*$!
{
	archiveVersion = 1;
	classes = {
	};
	objectVersion = 56;
	objects = {

/* Begin PBXBuildFile section */
		0733F55D2A43DF2800A8269F /* TicTacToeApp.swift in Sources */ = {isa = PBXBuildFile; fileRef = 0733F55C2A43DF2800A8269F /* TicTacToeApp.swift */; };
		0733F55F2A43DF2800A8269F /* ContentView.swift in Sources */ = {isa = PBXBuildFile; fileRef = 0733F55E2A43DF2800A8269F /* ContentView.swift */; };
		0733F5612A43DF2800A8269F /* Assets.xcassets in Resources */ = {isa = PBXBuildFile; fileRef = 0733F5602A43DF2800A8269F /* Assets.xcassets */; };
		0733F5642A43DF2800A8269F /* Preview Assets.xcassets in Resources */ = {isa = PBXBuildFile; fileRef = 0733F5632A43DF2800A8269F /* Preview Assets.xcassets */; };
		0733F56E2A43DF2800A8269F /* TicTacToeTests.swift in Sources */ = {isa = PBXBuildFile; fileRef = 0733F56D2A43DF2800A8269F /* TicTacToeTests.swift */; };
		0733F5782A43DF2800A8269F /* TicTacToeUITests.swift in Sources */ = {isa = PBXBuildFile; fileRef = 0733F5772A43DF2800A8269F /* TicTacToeUITests.swift */; };
		0733F57A2A43DF2800A8269F /* TicTacToeUITestsLaunchTests.swift in Sources */ = {isa = PBXBuildFile; fileRef = 0733F5792A43DF2800A8269F /* TicTacToeUITestsLaunchTests.swift */; };
		0733F5892A43DF8100A8269F /* RowView.swift in Sources */ = {isa = PBXBuildFile; fileRef = 0733F5882A43DF8100A8269F /* RowView.swift */; };
		0733F58B2A43EC9200A8269F /* BoardView.swift in Sources */ = {isa = PBXBuildFile; fileRef = 0733F58A2A43EC9200A8269F /* BoardView.swift */; };
		0733F58D2A43F10A00A8269F /* Player.swift in Sources */ = {isa = PBXBuildFile; fileRef = 0733F58C2A43F10A00A8269F /* Player.swift */; };
		0733F58F2A43F19B00A8269F /* GameSymbol.swift in Sources */ = {isa = PBXBuildFile; fileRef = 0733F58E2A43F19B00A8269F /* GameSymbol.swift */; };
		0733F5912A43F23900A8269F /* GameBoard.swift in Sources */ = {isa = PBXBuildFile; fileRef = 0733F5902A43F23900A8269F /* GameBoard.swift */; };
		0733F5942A43F33100A8269F /* Matrix.swift in Sources */ = {isa = PBXBuildFile; fileRef = 0733F5932A43F33100A8269F /* Matrix.swift */; };
		0733F5972A43FDB300A8269F /* Minimax.swift in Sources */ = {isa = PBXBuildFile; fileRef = 0733F5962A43FDB300A8269F /* Minimax.swift */; };
		07D912C12A447E24006894A0 /* TypeAlias+Extensions.swift in Sources */ = {isa = PBXBuildFile; fileRef = 07D912C02A447E24006894A0 /* TypeAlias+Extensions.swift */; };
		07D912C32A447E90006894A0 /* AILevel.swift in Sources */ = {isa = PBXBuildFile; fileRef = 07D912C22A447E90006894A0 /* AILevel.swift */; };
		07D912C52A447F26006894A0 /* AIPlayer.swift in Sources */ = {isa = PBXBuildFile; fileRef = 07D912C42A447F26006894A0 /* AIPlayer.swift */; };
		07D912C72A447F7A006894A0 /* TicTacToeGame.swift in Sources */ = {isa = PBXBuildFile; fileRef = 07D912C62A447F7A006894A0 /* TicTacToeGame.swift */; };
		07D912C92A448353006894A0 /* TicTacToeViewModel.swift in Sources */ = {isa = PBXBuildFile; fileRef = 07D912C82A448353006894A0 /* TicTacToeViewModel.swift */; };
		07D912CC2A448429006894A0 /* RowViewContentMatrix.swift in Sources */ = {isa = PBXBuildFile; fileRef = 07D912CB2A448429006894A0 /* RowViewContentMatrix.swift */; };
		07D912CE2A45350B006894A0 /* Strings.swift in Sources */ = {isa = PBXBuildFile; fileRef = 07D912CD2A45350B006894A0 /* Strings.swift */; };
		07D912D02A4537E8006894A0 /* GameBoardTests.swift in Sources */ = {isa = PBXBuildFile; fileRef = 07D912CF2A4537E8006894A0 /* GameBoardTests.swift */; };
/* End PBXBuildFile section */

/* Begin PBXContainerItemProxy section */
		0733F56A2A43DF2800A8269F /* PBXContainerItemProxy */ = {
			isa = PBXContainerItemProxy;
			containerPortal = 0733F5512A43DF2700A8269F /* Project object */;
			proxyType = 1;
			remoteGlobalIDString = 0733F5582A43DF2700A8269F;
			remoteInfo = TicTacToe;
		};
		0733F5742A43DF2800A8269F /* PBXContainerItemProxy */ = {
			isa = PBXContainerItemProxy;
			containerPortal = 0733F5512A43DF2700A8269F /* Project object */;
			proxyType = 1;
			remoteGlobalIDString = 0733F5582A43DF2700A8269F;
			remoteInfo = TicTacToe;
		};
/* End PBXContainerItemProxy section */

/* Begin PBXFileReference section */
		0733F5592A43DF2800A8269F /* TicTacToe.app */ = {isa = PBXFileReference; explicitFileType = wrapper.application; includeInIndex = 0; path = TicTacToe.app; sourceTree = BUILT_PRODUCTS_DIR; };
		0733F55C2A43DF2800A8269F /* TicTacToeApp.swift */ = {isa = PBXFileReference; lastKnownFileType = sourcecode.swift; path = TicTacToeApp.swift; sourceTree = "<group>"; };
		0733F55E2A43DF2800A8269F /* ContentView.swift */ = {isa = PBXFileReference; lastKnownFileType = sourcecode.swift; path = ContentView.swift; sourceTree = "<group>"; };
		0733F5602A43DF2800A8269F /* Assets.xcassets */ = {isa = PBXFileReference; lastKnownFileType = folder.assetcatalog; path = Assets.xcassets; sourceTree = "<group>"; };
		0733F5632A43DF2800A8269F /* Preview Assets.xcassets */ = {isa = PBXFileReference; lastKnownFileType = folder.assetcatalog; path = "Preview Assets.xcassets"; sourceTree = "<group>"; };
		0733F5692A43DF2800A8269F /* TicTacToeTests.xctest */ = {isa = PBXFileReference; explicitFileType = wrapper.cfbundle; includeInIndex = 0; path = TicTacToeTests.xctest; sourceTree = BUILT_PRODUCTS_DIR; };
		0733F56D2A43DF2800A8269F /* TicTacToeTests.swift */ = {isa = PBXFileReference; lastKnownFileType = sourcecode.swift; path = TicTacToeTests.swift; sourceTree = "<group>"; };
		0733F5732A43DF2800A8269F /* TicTacToeUITests.xctest */ = {isa = PBXFileReference; explicitFileType = wrapper.cfbundle; includeInIndex = 0; path = TicTacToeUITests.xctest; sourceTree = BUILT_PRODUCTS_DIR; };
		0733F5772A43DF2800A8269F /* TicTacToeUITests.swift */ = {isa = PBXFileReference; lastKnownFileType = sourcecode.swift; path = TicTacToeUITests.swift; sourceTree = "<group>"; };
		0733F5792A43DF2800A8269F /* TicTacToeUITestsLaunchTests.swift */ = {isa = PBXFileReference; lastKnownFileType = sourcecode.swift; path = TicTacToeUITestsLaunchTests.swift; sourceTree = "<group>"; };
		0733F5882A43DF8100A8269F /* RowView.swift */ = {isa = PBXFileReference; lastKnownFileType = sourcecode.swift; path = RowView.swift; sourceTree = "<group>"; };
		0733F58A2A43EC9200A8269F /* BoardView.swift */ = {isa = PBXFileReference; lastKnownFileType = sourcecode.swift; path = BoardView.swift; sourceTree = "<group>"; };
		0733F58C2A43F10A00A8269F /* Player.swift */ = {isa = PBXFileReference; lastKnownFileType = sourcecode.swift; path = Player.swift; sourceTree = "<group>"; };
		0733F58E2A43F19B00A8269F /* GameSymbol.swift */ = {isa = PBXFileReference; lastKnownFileType = sourcecode.swift; path = GameSymbol.swift; sourceTree = "<group>"; };
		0733F5902A43F23900A8269F /* GameBoard.swift */ = {isa = PBXFileReference; lastKnownFileType = sourcecode.swift; path = GameBoard.swift; sourceTree = "<group>"; };
		0733F5932A43F33100A8269F /* Matrix.swift */ = {isa = PBXFileReference; lastKnownFileType = sourcecode.swift; path = Matrix.swift; sourceTree = "<group>"; };
		0733F5962A43FDB300A8269F /* Minimax.swift */ = {isa = PBXFileReference; lastKnownFileType = sourcecode.swift; path = Minimax.swift; sourceTree = "<group>"; };
		07D912C02A447E24006894A0 /* TypeAlias+Extensions.swift */ = {isa = PBXFileReference; lastKnownFileType = sourcecode.swift; path = "TypeAlias+Extensions.swift"; sourceTree = "<group>"; };
		07D912C22A447E90006894A0 /* AILevel.swift */ = {isa = PBXFileReference; lastKnownFileType = sourcecode.swift; path = AILevel.swift; sourceTree = "<group>"; };
		07D912C42A447F26006894A0 /* AIPlayer.swift */ = {isa = PBXFileReference; lastKnownFileType = sourcecode.swift; path = AIPlayer.swift; sourceTree = "<group>"; };
		07D912C62A447F7A006894A0 /* TicTacToeGame.swift */ = {isa = PBXFileReference; lastKnownFileType = sourcecode.swift; path = TicTacToeGame.swift; sourceTree = "<group>"; };
		07D912C82A448353006894A0 /* TicTacToeViewModel.swift */ = {isa = PBXFileReference; lastKnownFileType = sourcecode.swift; path = TicTacToeViewModel.swift; sourceTree = "<group>"; };
		07D912CB2A448429006894A0 /* RowViewContentMatrix.swift */ = {isa = PBXFileReference; lastKnownFileType = sourcecode.swift; path = RowViewContentMatrix.swift; sourceTree = "<group>"; };
		07D912CD2A45350B006894A0 /* Strings.swift */ = {isa = PBXFileReference; lastKnownFileType = sourcecode.swift; path = Strings.swift; sourceTree = "<group>"; };
		07D912CF2A4537E8006894A0 /* GameBoardTests.swift */ = {isa = PBXFileReference; lastKnownFileType = sourcecode.swift; path = GameBoardTests.swift; sourceTree = "<group>"; };
/* End PBXFileReference section */

/* Begin PBXFrameworksBuildPhase section */
		0733F5562A43DF2700A8269F /* Frameworks */ = {
			isa = PBXFrameworksBuildPhase;
			buildActionMask = 2147483647;
			files = (
			);
			runOnlyForDeploymentPostprocessing = 0;
		};
		0733F5662A43DF2800A8269F /* Frameworks */ = {
			isa = PBXFrameworksBuildPhase;
			buildActionMask = 2147483647;
			files = (
			);
			runOnlyForDeploymentPostprocessing = 0;
		};
		0733F5702A43DF2800A8269F /* Frameworks */ = {
			isa = PBXFrameworksBuildPhase;
			buildActionMask = 2147483647;
			files = (
			);
			runOnlyForDeploymentPostprocessing = 0;
		};
/* End PBXFrameworksBuildPhase section */

/* Begin PBXGroup section */
		0733F5502A43DF2700A8269F = {
			isa = PBXGroup;
			children = (
				0733F55B2A43DF2800A8269F /* TicTacToe */,
				0733F56C2A43DF2800A8269F /* TicTacToeTests */,
				0733F5762A43DF2800A8269F /* TicTacToeUITests */,
				0733F55A2A43DF2800A8269F /* Products */,
			);
			sourceTree = "<group>";
		};
		0733F55A2A43DF2800A8269F /* Products */ = {
			isa = PBXGroup;
			children = (
				0733F5592A43DF2800A8269F /* TicTacToe.app */,
				0733F5692A43DF2800A8269F /* TicTacToeTests.xctest */,
				0733F5732A43DF2800A8269F /* TicTacToeUITests.xctest */,
			);
			name = Products;
			sourceTree = "<group>";
		};
		0733F55B2A43DF2800A8269F /* TicTacToe */ = {
			isa = PBXGroup;
			children = (
				07D912CA2A4483FE006894A0 /* Common */,
				0733F5872A43DF6000A8269F /* Game */,
				0733F5862A43DF5500A8269F /* Views */,
				0733F55C2A43DF2800A8269F /* TicTacToeApp.swift */,
				0733F55E2A43DF2800A8269F /* ContentView.swift */,
				07D912C82A448353006894A0 /* TicTacToeViewModel.swift */,
				0733F5602A43DF2800A8269F /* Assets.xcassets */,
				0733F5622A43DF2800A8269F /* Preview Content */,
			);
			path = TicTacToe;
			sourceTree = "<group>";
		};
		0733F5622A43DF2800A8269F /* Preview Content */ = {
			isa = PBXGroup;
			children = (
				0733F5632A43DF2800A8269F /* Preview Assets.xcassets */,
			);
			path = "Preview Content";
			sourceTree = "<group>";
		};
		0733F56C2A43DF2800A8269F /* TicTacToeTests */ = {
			isa = PBXGroup;
			children = (
				0733F56D2A43DF2800A8269F /* TicTacToeTests.swift */,
				07D912CF2A4537E8006894A0 /* GameBoardTests.swift */,
			);
			path = TicTacToeTests;
			sourceTree = "<group>";
		};
		0733F5762A43DF2800A8269F /* TicTacToeUITests */ = {
			isa = PBXGroup;
			children = (
				0733F5772A43DF2800A8269F /* TicTacToeUITests.swift */,
				0733F5792A43DF2800A8269F /* TicTacToeUITestsLaunchTests.swift */,
			);
			path = TicTacToeUITests;
			sourceTree = "<group>";
		};
		0733F5862A43DF5500A8269F /* Views */ = {
			isa = PBXGroup;
			children = (
				0733F5882A43DF8100A8269F /* RowView.swift */,
				0733F58A2A43EC9200A8269F /* BoardView.swift */,
			);
			path = Views;
			sourceTree = "<group>";
		};
		0733F5872A43DF6000A8269F /* Game */ = {
			isa = PBXGroup;
			children = (
				0733F5952A43FDA300A8269F /* AI */,
				0733F5922A43F31800A8269F /* Utils */,
				0733F58C2A43F10A00A8269F /* Player.swift */,
				0733F58E2A43F19B00A8269F /* GameSymbol.swift */,
				0733F5902A43F23900A8269F /* GameBoard.swift */,
				07D912C62A447F7A006894A0 /* TicTacToeGame.swift */,
			);
			path = Game;
			sourceTree = "<group>";
		};
		0733F5922A43F31800A8269F /* Utils */ = {
			isa = PBXGroup;
			children = (
				0733F5932A43F33100A8269F /* Matrix.swift */,
				07D912C02A447E24006894A0 /* TypeAlias+Extensions.swift */,
			);
			path = Utils;
			sourceTree = "<group>";
		};
		0733F5952A43FDA300A8269F /* AI */ = {
			isa = PBXGroup;
			children = (
				07D912C42A447F26006894A0 /* AIPlayer.swift */,
				0733F5962A43FDB300A8269F /* Minimax.swift */,
				07D912C22A447E90006894A0 /* AILevel.swift */,
			);
			path = AI;
			sourceTree = "<group>";
		};
		07D912CA2A4483FE006894A0 /* Common */ = {
			isa = PBXGroup;
			children = (
				07D912CB2A448429006894A0 /* RowViewContentMatrix.swift */,
				07D912CD2A45350B006894A0 /* Strings.swift */,
			);
			path = Common;
			sourceTree = "<group>";
		};
/* End PBXGroup section */

/* Begin PBXNativeTarget section */
		0733F5582A43DF2700A8269F /* TicTacToe */ = {
			isa = PBXNativeTarget;
			buildConfigurationList = 0733F57D2A43DF2800A8269F /* Build configuration list for PBXNativeTarget "TicTacToe" */;
			buildPhases = (
				0733F5552A43DF2700A8269F /* Sources */,
				0733F5562A43DF2700A8269F /* Frameworks */,
				0733F5572A43DF2700A8269F /* Resources */,
			);
			buildRules = (
			);
			dependencies = (
			);
			name = TicTacToe;
			productName = TicTacToe;
			productReference = 0733F5592A43DF2800A8269F /* TicTacToe.app */;
			productType = "com.apple.product-type.application";
		};
		0733F5682A43DF2800A8269F /* TicTacToeTests */ = {
			isa = PBXNativeTarget;
			buildConfigurationList = 0733F5802A43DF2800A8269F /* Build configuration list for PBXNativeTarget "TicTacToeTests" */;
			buildPhases = (
				0733F5652A43DF2800A8269F /* Sources */,
				0733F5662A43DF2800A8269F /* Frameworks */,
				0733F5672A43DF2800A8269F /* Resources */,
			);
			buildRules = (
			);
			dependencies = (
				0733F56B2A43DF2800A8269F /* PBXTargetDependency */,
			);
			name = TicTacToeTests;
			productName = TicTacToeTests;
			productReference = 0733F5692A43DF2800A8269F /* TicTacToeTests.xctest */;
			productType = "com.apple.product-type.bundle.unit-test";
		};
		0733F5722A43DF2800A8269F /* TicTacToeUITests */ = {
			isa = PBXNativeTarget;
			buildConfigurationList = 0733F5832A43DF2800A8269F /* Build configuration list for PBXNativeTarget "TicTacToeUITests" */;
			buildPhases = (
				0733F56F2A43DF2800A8269F /* Sources */,
				0733F5702A43DF2800A8269F /* Frameworks */,
				0733F5712A43DF2800A8269F /* Resources */,
			);
			buildRules = (
			);
			dependencies = (
				0733F5752A43DF2800A8269F /* PBXTargetDependency */,
			);
			name = TicTacToeUITests;
			productName = TicTacToeUITests;
			productReference = 0733F5732A43DF2800A8269F /* TicTacToeUITests.xctest */;
			productType = "com.apple.product-type.bundle.ui-testing";
		};
/* End PBXNativeTarget section */

/* Begin PBXProject section */
		0733F5512A43DF2700A8269F /* Project object */ = {
			isa = PBXProject;
			attributes = {
				BuildIndependentTargetsInParallel = 1;
				LastSwiftUpdateCheck = 1500;
				LastUpgradeCheck = 1500;
				TargetAttributes = {
					0733F5582A43DF2700A8269F = {
						CreatedOnToolsVersion = 15.0;
					};
					0733F5682A43DF2800A8269F = {
						CreatedOnToolsVersion = 15.0;
						TestTargetID = 0733F5582A43DF2700A8269F;
					};
					0733F5722A43DF2800A8269F = {
						CreatedOnToolsVersion = 15.0;
						TestTargetID = 0733F5582A43DF2700A8269F;
					};
				};
			};
			buildConfigurationList = 0733F5542A43DF2700A8269F /* Build configuration list for PBXProject "TicTacToe" */;
			compatibilityVersion = "Xcode 14.0";
			developmentRegion = en;
			hasScannedForEncodings = 0;
			knownRegions = (
				en,
				Base,
			);
			mainGroup = 0733F5502A43DF2700A8269F;
			productRefGroup = 0733F55A2A43DF2800A8269F /* Products */;
			projectDirPath = "";
			projectRoot = "";
			targets = (
				0733F5582A43DF2700A8269F /* TicTacToe */,
				0733F5682A43DF2800A8269F /* TicTacToeTests */,
				0733F5722A43DF2800A8269F /* TicTacToeUITests */,
			);
		};
/* End PBXProject section */

/* Begin PBXResourcesBuildPhase section */
		0733F5572A43DF2700A8269F /* Resources */ = {
			isa = PBXResourcesBuildPhase;
			buildActionMask = 2147483647;
			files = (
				0733F5642A43DF2800A8269F /* Preview Assets.xcassets in Resources */,
				0733F5612A43DF2800A8269F /* Assets.xcassets in Resources */,
			);
			runOnlyForDeploymentPostprocessing = 0;
		};
		0733F5672A43DF2800A8269F /* Resources */ = {
			isa = PBXResourcesBuildPhase;
			buildActionMask = 2147483647;
			files = (
			);
			runOnlyForDeploymentPostprocessing = 0;
		};
		0733F5712A43DF2800A8269F /* Resources */ = {
			isa = PBXResourcesBuildPhase;
			buildActionMask = 2147483647;
			files = (
			);
			runOnlyForDeploymentPostprocessing = 0;
		};
/* End PBXResourcesBuildPhase section */

/* Begin PBXSourcesBuildPhase section */
		0733F5552A43DF2700A8269F /* Sources */ = {
			isa = PBXSourcesBuildPhase;
			buildActionMask = 2147483647;
			files = (
				0733F55F2A43DF2800A8269F /* ContentView.swift in Sources */,
				07D912C72A447F7A006894A0 /* TicTacToeGame.swift in Sources */,
				07D912CE2A45350B006894A0 /* Strings.swift in Sources */,
				0733F58B2A43EC9200A8269F /* BoardView.swift in Sources */,
				07D912C92A448353006894A0 /* TicTacToeViewModel.swift in Sources */,
				0733F5972A43FDB300A8269F /* Minimax.swift in Sources */,
				0733F5892A43DF8100A8269F /* RowView.swift in Sources */,
				07D912C52A447F26006894A0 /* AIPlayer.swift in Sources */,
				07D912C12A447E24006894A0 /* TypeAlias+Extensions.swift in Sources */,
				07D912CC2A448429006894A0 /* RowViewContentMatrix.swift in Sources */,
				0733F5912A43F23900A8269F /* GameBoard.swift in Sources */,
				0733F5942A43F33100A8269F /* Matrix.swift in Sources */,
				0733F58D2A43F10A00A8269F /* Player.swift in Sources */,
				0733F55D2A43DF2800A8269F /* TicTacToeApp.swift in Sources */,
				0733F58F2A43F19B00A8269F /* GameSymbol.swift in Sources */,
				07D912C32A447E90006894A0 /* AILevel.swift in Sources */,
			);
			runOnlyForDeploymentPostprocessing = 0;
		};
		0733F5652A43DF2800A8269F /* Sources */ = {
			isa = PBXSourcesBuildPhase;
			buildActionMask = 2147483647;
			files = (
				07D912D02A4537E8006894A0 /* GameBoardTests.swift in Sources */,
				0733F56E2A43DF2800A8269F /* TicTacToeTests.swift in Sources */,
			);
			runOnlyForDeploymentPostprocessing = 0;
		};
		0733F56F2A43DF2800A8269F /* Sources */ = {
			isa = PBXSourcesBuildPhase;
			buildActionMask = 2147483647;
			files = (
				0733F5782A43DF2800A8269F /* TicTacToeUITests.swift in Sources */,
				0733F57A2A43DF2800A8269F /* TicTacToeUITestsLaunchTests.swift in Sources */,
			);
			runOnlyForDeploymentPostprocessing = 0;
		};
/* End PBXSourcesBuildPhase section */

/* Begin PBXTargetDependency section */
		0733F56B2A43DF2800A8269F /* PBXTargetDependency */ = {
			isa = PBXTargetDependency;
			target = 0733F5582A43DF2700A8269F /* TicTacToe */;
			targetProxy = 0733F56A2A43DF2800A8269F /* PBXContainerItemProxy */;
		};
		0733F5752A43DF2800A8269F /* PBXTargetDependency */ = {
			isa = PBXTargetDependency;
			target = 0733F5582A43DF2700A8269F /* TicTacToe */;
			targetProxy = 0733F5742A43DF2800A8269F /* PBXContainerItemProxy */;
		};
/* End PBXTargetDependency section */

/* Begin XCBuildConfiguration section */
		0733F57B2A43DF2800A8269F /* Debug */ = {
			isa = XCBuildConfiguration;
			buildSettings = {
				ALWAYS_SEARCH_USER_PATHS = NO;
				ASSETCATALOG_COMPILER_GENERATE_SWIFT_ASSET_SYMBOL_EXTENSIONS = YES;
				CLANG_ANALYZER_NONNULL = YES;
				CLANG_ANALYZER_NUMBER_OBJECT_CONVERSION = YES_AGGRESSIVE;
				CLANG_CXX_LANGUAGE_STANDARD = "gnu++20";
				CLANG_ENABLE_MODULES = YES;
				CLANG_ENABLE_OBJC_ARC = YES;
				CLANG_ENABLE_OBJC_WEAK = YES;
				CLANG_WARN_BLOCK_CAPTURE_AUTORELEASING = YES;
				CLANG_WARN_BOOL_CONVERSION = YES;
				CLANG_WARN_COMMA = YES;
				CLANG_WARN_CONSTANT_CONVERSION = YES;
				CLANG_WARN_DEPRECATED_OBJC_IMPLEMENTATIONS = YES;
				CLANG_WARN_DIRECT_OBJC_ISA_USAGE = YES_ERROR;
				CLANG_WARN_DOCUMENTATION_COMMENTS = YES;
				CLANG_WARN_EMPTY_BODY = YES;
				CLANG_WARN_ENUM_CONVERSION = YES;
				CLANG_WARN_INFINITE_RECURSION = YES;
				CLANG_WARN_INT_CONVERSION = YES;
				CLANG_WARN_NON_LITERAL_NULL_CONVERSION = YES;
				CLANG_WARN_OBJC_IMPLICIT_RETAIN_SELF = YES;
				CLANG_WARN_OBJC_LITERAL_CONVERSION = YES;
				CLANG_WARN_OBJC_ROOT_CLASS = YES_ERROR;
				CLANG_WARN_QUOTED_INCLUDE_IN_FRAMEWORK_HEADER = YES;
				CLANG_WARN_RANGE_LOOP_ANALYSIS = YES;
				CLANG_WARN_STRICT_PROTOTYPES = YES;
				CLANG_WARN_SUSPICIOUS_MOVE = YES;
				CLANG_WARN_UNGUARDED_AVAILABILITY = YES_AGGRESSIVE;
				CLANG_WARN_UNREACHABLE_CODE = YES;
				CLANG_WARN__DUPLICATE_METHOD_MATCH = YES;
				COPY_PHASE_STRIP = NO;
				DEBUG_INFORMATION_FORMAT = dwarf;
				ENABLE_STRICT_OBJC_MSGSEND = YES;
				ENABLE_TESTABILITY = YES;
				ENABLE_USER_SCRIPT_SANDBOXING = YES;
				GCC_C_LANGUAGE_STANDARD = gnu17;
				GCC_DYNAMIC_NO_PIC = NO;
				GCC_NO_COMMON_BLOCKS = YES;
				GCC_OPTIMIZATION_LEVEL = 0;
				GCC_PREPROCESSOR_DEFINITIONS = (
					"DEBUG=1",
					"$(inherited)",
				);
				GCC_WARN_64_TO_32_BIT_CONVERSION = YES;
				GCC_WARN_ABOUT_RETURN_TYPE = YES_ERROR;
				GCC_WARN_UNDECLARED_SELECTOR = YES;
				GCC_WARN_UNINITIALIZED_AUTOS = YES_AGGRESSIVE;
				GCC_WARN_UNUSED_FUNCTION = YES;
				GCC_WARN_UNUSED_VARIABLE = YES;
				IPHONEOS_DEPLOYMENT_TARGET = 17.0;
				LOCALIZATION_PREFERS_STRING_CATALOGS = YES;
				MTL_ENABLE_DEBUG_INFO = INCLUDE_SOURCE;
				MTL_FAST_MATH = YES;
				ONLY_ACTIVE_ARCH = YES;
				SDKROOT = iphoneos;
				SWIFT_ACTIVE_COMPILATION_CONDITIONS = "DEBUG $(inherited)";
				SWIFT_OPTIMIZATION_LEVEL = "-Onone";
			};
			name = Debug;
		};
		0733F57C2A43DF2800A8269F /* Release */ = {
			isa = XCBuildConfiguration;
			buildSettings = {
				ALWAYS_SEARCH_USER_PATHS = NO;
				ASSETCATALOG_COMPILER_GENERATE_SWIFT_ASSET_SYMBOL_EXTENSIONS = YES;
				CLANG_ANALYZER_NONNULL = YES;
				CLANG_ANALYZER_NUMBER_OBJECT_CONVERSION = YES_AGGRESSIVE;
				CLANG_CXX_LANGUAGE_STANDARD = "gnu++20";
				CLANG_ENABLE_MODULES = YES;
				CLANG_ENABLE_OBJC_ARC = YES;
				CLANG_ENABLE_OBJC_WEAK = YES;
				CLANG_WARN_BLOCK_CAPTURE_AUTORELEASING = YES;
				CLANG_WARN_BOOL_CONVERSION = YES;
				CLANG_WARN_COMMA = YES;
				CLANG_WARN_CONSTANT_CONVERSION = YES;
				CLANG_WARN_DEPRECATED_OBJC_IMPLEMENTATIONS = YES;
				CLANG_WARN_DIRECT_OBJC_ISA_USAGE = YES_ERROR;
				CLANG_WARN_DOCUMENTATION_COMMENTS = YES;
				CLANG_WARN_EMPTY_BODY = YES;
				CLANG_WARN_ENUM_CONVERSION = YES;
				CLANG_WARN_INFINITE_RECURSION = YES;
				CLANG_WARN_INT_CONVERSION = YES;
				CLANG_WARN_NON_LITERAL_NULL_CONVERSION = YES;
				CLANG_WARN_OBJC_IMPLICIT_RETAIN_SELF = YES;
				CLANG_WARN_OBJC_LITERAL_CONVERSION = YES;
				CLANG_WARN_OBJC_ROOT_CLASS = YES_ERROR;
				CLANG_WARN_QUOTED_INCLUDE_IN_FRAMEWORK_HEADER = YES;
				CLANG_WARN_RANGE_LOOP_ANALYSIS = YES;
				CLANG_WARN_STRICT_PROTOTYPES = YES;
				CLANG_WARN_SUSPICIOUS_MOVE = YES;
				CLANG_WARN_UNGUARDED_AVAILABILITY = YES_AGGRESSIVE;
				CLANG_WARN_UNREACHABLE_CODE = YES;
				CLANG_WARN__DUPLICATE_METHOD_MATCH = YES;
				COPY_PHASE_STRIP = NO;
				DEBUG_INFORMATION_FORMAT = "dwarf-with-dsym";
				ENABLE_NS_ASSERTIONS = NO;
				ENABLE_STRICT_OBJC_MSGSEND = YES;
				ENABLE_USER_SCRIPT_SANDBOXING = YES;
				GCC_C_LANGUAGE_STANDARD = gnu17;
				GCC_NO_COMMON_BLOCKS = YES;
				GCC_WARN_64_TO_32_BIT_CONVERSION = YES;
				GCC_WARN_ABOUT_RETURN_TYPE = YES_ERROR;
				GCC_WARN_UNDECLARED_SELECTOR = YES;
				GCC_WARN_UNINITIALIZED_AUTOS = YES_AGGRESSIVE;
				GCC_WARN_UNUSED_FUNCTION = YES;
				GCC_WARN_UNUSED_VARIABLE = YES;
				IPHONEOS_DEPLOYMENT_TARGET = 17.0;
				LOCALIZATION_PREFERS_STRING_CATALOGS = YES;
				MTL_ENABLE_DEBUG_INFO = NO;
				MTL_FAST_MATH = YES;
				SDKROOT = iphoneos;
				SWIFT_COMPILATION_MODE = wholemodule;
				VALIDATE_PRODUCT = YES;
			};
			name = Release;
		};
		0733F57E2A43DF2800A8269F /* Debug */ = {
			isa = XCBuildConfiguration;
			buildSettings = {
				ASSETCATALOG_COMPILER_APPICON_NAME = AppIcon;
				ASSETCATALOG_COMPILER_GLOBAL_ACCENT_COLOR_NAME = AccentColor;
				CODE_SIGN_STYLE = Automatic;
				CURRENT_PROJECT_VERSION = 1;
				DEVELOPMENT_ASSET_PATHS = "\"TicTacToe/Preview Content\"";
				ENABLE_PREVIEWS = YES;
				GENERATE_INFOPLIST_FILE = YES;
				INFOPLIST_KEY_UIApplicationSceneManifest_Generation = YES;
				INFOPLIST_KEY_UIApplicationSupportsIndirectInputEvents = YES;
				INFOPLIST_KEY_UILaunchScreen_Generation = YES;
				INFOPLIST_KEY_UISupportedInterfaceOrientations_iPad = "UIInterfaceOrientationPortrait UIInterfaceOrientationPortraitUpsideDown UIInterfaceOrientationLandscapeLeft UIInterfaceOrientationLandscapeRight";
				INFOPLIST_KEY_UISupportedInterfaceOrientations_iPhone = "UIInterfaceOrientationPortrait UIInterfaceOrientationLandscapeLeft UIInterfaceOrientationLandscapeRight";
				LD_RUNPATH_SEARCH_PATHS = (
					"$(inherited)",
					"@executable_path/Frameworks",
				);
				MARKETING_VERSION = 1.0;
				PRODUCT_BUNDLE_IDENTIFIER = isaias.santana.TicTacToe;
				PRODUCT_NAME = "$(TARGET_NAME)";
				SWIFT_EMIT_LOC_STRINGS = YES;
				SWIFT_VERSION = 5.0;
				TARGETED_DEVICE_FAMILY = "1,2";
			};
			name = Debug;
		};
		0733F57F2A43DF2800A8269F /* Release */ = {
			isa = XCBuildConfiguration;
			buildSettings = {
				ASSETCATALOG_COMPILER_APPICON_NAME = AppIcon;
				ASSETCATALOG_COMPILER_GLOBAL_ACCENT_COLOR_NAME = AccentColor;
				CODE_SIGN_STYLE = Automatic;
				CURRENT_PROJECT_VERSION = 1;
				DEVELOPMENT_ASSET_PATHS = "\"TicTacToe/Preview Content\"";
				ENABLE_PREVIEWS = YES;
				GENERATE_INFOPLIST_FILE = YES;
				INFOPLIST_KEY_UIApplicationSceneManifest_Generation = YES;
				INFOPLIST_KEY_UIApplicationSupportsIndirectInputEvents = YES;
				INFOPLIST_KEY_UILaunchScreen_Generation = YES;
				INFOPLIST_KEY_UISupportedInterfaceOrientations_iPad = "UIInterfaceOrientationPortrait UIInterfaceOrientationPortraitUpsideDown UIInterfaceOrientationLandscapeLeft UIInterfaceOrientationLandscapeRight";
				INFOPLIST_KEY_UISupportedInterfaceOrientations_iPhone = "UIInterfaceOrientationPortrait UIInterfaceOrientationLandscapeLeft UIInterfaceOrientationLandscapeRight";
				LD_RUNPATH_SEARCH_PATHS = (
					"$(inherited)",
					"@executable_path/Frameworks",
				);
				MARKETING_VERSION = 1.0;
				PRODUCT_BUNDLE_IDENTIFIER = isaias.santana.TicTacToe;
				PRODUCT_NAME = "$(TARGET_NAME)";
				SWIFT_EMIT_LOC_STRINGS = YES;
				SWIFT_VERSION = 5.0;
				TARGETED_DEVICE_FAMILY = "1,2";
			};
			name = Release;
		};
		0733F5812A43DF2800A8269F /* Debug */ = {
			isa = XCBuildConfiguration;
			buildSettings = {
				ALWAYS_EMBED_SWIFT_STANDARD_LIBRARIES = YES;
				BUNDLE_LOADER = "$(TEST_HOST)";
				CODE_SIGN_STYLE = Automatic;
				CURRENT_PROJECT_VERSION = 1;
				GENERATE_INFOPLIST_FILE = YES;
				IPHONEOS_DEPLOYMENT_TARGET = 17.0;
				MARKETING_VERSION = 1.0;
				PRODUCT_BUNDLE_IDENTIFIER = isaias.santana.TicTacToeTests;
				PRODUCT_NAME = "$(TARGET_NAME)";
				SWIFT_EMIT_LOC_STRINGS = NO;
				SWIFT_VERSION = 5.0;
				TARGETED_DEVICE_FAMILY = "1,2";
				TEST_HOST = "$(BUILT_PRODUCTS_DIR)/TicTacToe.app/$(BUNDLE_EXECUTABLE_FOLDER_PATH)/TicTacToe";
			};
			name = Debug;
		};
		0733F5822A43DF2800A8269F /* Release */ = {
			isa = XCBuildConfiguration;
			buildSettings = {
				ALWAYS_EMBED_SWIFT_STANDARD_LIBRARIES = YES;
				BUNDLE_LOADER = "$(TEST_HOST)";
				CODE_SIGN_STYLE = Automatic;
				CURRENT_PROJECT_VERSION = 1;
				GENERATE_INFOPLIST_FILE = YES;
				IPHONEOS_DEPLOYMENT_TARGET = 17.0;
				MARKETING_VERSION = 1.0;
				PRODUCT_BUNDLE_IDENTIFIER = isaias.santana.TicTacToeTests;
				PRODUCT_NAME = "$(TARGET_NAME)";
				SWIFT_EMIT_LOC_STRINGS = NO;
				SWIFT_VERSION = 5.0;
				TARGETED_DEVICE_FAMILY = "1,2";
				TEST_HOST = "$(BUILT_PRODUCTS_DIR)/TicTacToe.app/$(BUNDLE_EXECUTABLE_FOLDER_PATH)/TicTacToe";
			};
			name = Release;
		};
		0733F5842A43DF2800A8269F /* Debug */ = {
			isa = XCBuildConfiguration;
			buildSettings = {
				ALWAYS_EMBED_SWIFT_STANDARD_LIBRARIES = YES;
				CODE_SIGN_STYLE = Automatic;
				CURRENT_PROJECT_VERSION = 1;
				GENERATE_INFOPLIST_FILE = YES;
				MARKETING_VERSION = 1.0;
				PRODUCT_BUNDLE_IDENTIFIER = isaias.santana.TicTacToeUITests;
				PRODUCT_NAME = "$(TARGET_NAME)";
				SWIFT_EMIT_LOC_STRINGS = NO;
				SWIFT_VERSION = 5.0;
				TARGETED_DEVICE_FAMILY = "1,2";
				TEST_TARGET_NAME = TicTacToe;
			};
			name = Debug;
		};
		0733F5852A43DF2800A8269F /* Release */ = {
			isa = XCBuildConfiguration;
			buildSettings = {
				ALWAYS_EMBED_SWIFT_STANDARD_LIBRARIES = YES;
				CODE_SIGN_STYLE = Automatic;
				CURRENT_PROJECT_VERSION = 1;
				GENERATE_INFOPLIST_FILE = YES;
				MARKETING_VERSION = 1.0;
				PRODUCT_BUNDLE_IDENTIFIER = isaias.santana.TicTacToeUITests;
				PRODUCT_NAME = "$(TARGET_NAME)";
				SWIFT_EMIT_LOC_STRINGS = NO;
				SWIFT_VERSION = 5.0;
				TARGETED_DEVICE_FAMILY = "1,2";
				TEST_TARGET_NAME = TicTacToe;
			};
			name = Release;
		};
/* End XCBuildConfiguration section */

/* Begin XCConfigurationList section */
		0733F5542A43DF2700A8269F /* Build configuration list for PBXProject "TicTacToe" */ = {
			isa = XCConfigurationList;
			buildConfigurations = (
				0733F57B2A43DF2800A8269F /* Debug */,
				0733F57C2A43DF2800A8269F /* Release */,
			);
			defaultConfigurationIsVisible = 0;
			defaultConfigurationName = Release;
		};
		0733F57D2A43DF2800A8269F /* Build configuration list for PBXNativeTarget "TicTacToe" */ = {
			isa = XCConfigurationList;
			buildConfigurations = (
				0733F57E2A43DF2800A8269F /* Debug */,
				0733F57F2A43DF2800A8269F /* Release */,
			);
			defaultConfigurationIsVisible = 0;
			defaultConfigurationName = Release;
		};
		0733F5802A43DF2800A8269F /* Build configuration list for PBXNativeTarget "TicTacToeTests" */ = {
			isa = XCConfigurationList;
			buildConfigurations = (
				0733F5812A43DF2800A8269F /* Debug */,
				0733F5822A43DF2800A8269F /* Release */,
			);
			defaultConfigurationIsVisible = 0;
			defaultConfigurationName = Release;
		};
		0733F5832A43DF2800A8269F /* Build configuration list for PBXNativeTarget "TicTacToeUITests" */ = {
			isa = XCConfigurationList;
			buildConfigurations = (
				0733F5842A43DF2800A8269F /* Debug */,
				0733F5852A43DF2800A8269F /* Release */,
			);
			defaultConfigurationIsVisible = 0;
			defaultConfigurationName = Release;
		};
/* End XCConfigurationList section */
	};
	rootObject = 0733F5512A43DF2700A8269F /* Project object */;
}
